
Microsoft Visual Studio Solution File, Format Version 12.00
# Visual Studio Version
VisualStudioVersion = 
MinimumVisualStudioVersion = 
Project("{2150E333-8FDC-42A3-9474-1A3956D46DE8}") = "services", "services", "{193C5596-60E6-4E2D-8679-5F2B38C8201E}"
EndProject
Project("{2150E333-8FDC-42A3-9474-1A3956D46DE8}") = "Authentication", "Authentication", "{559E575E-E5A0-4DA9-8E01-13391B6D5EB3}"
EndProject
Project("{2150E333-8FDC-42A3-9474-1A3956D46DE8}") = "tests", "tests", "{E5D99940-5EEF-4AFF-9D79-57D1FC3C1B77}"
EndProject
Project("{2150E333-8FDC-42A3-9474-1A3956D46DE8}") = "Cards", "Cards", "{4F381D37-2DAC-45AB-9A9A-913104BBC503}"
EndProject
Project("{2150E333-8FDC-42A3-9474-1A3956D46DE8}") = "tests", "tests", "{127F5456-4049-4F97-8C22-C2B76DB691B0}"
EndProject
Project("{2150E333-8FDC-42A3-9474-1A3956D46DE8}") = "Requests", "Requests", "{CE702353-4AD7-43FA-8A6C-228DF67B41A0}"
EndProject
Project("{2150E333-8FDC-42A3-9474-1A3956D46DE8}") = "tests", "tests", "{E1A38DC2-5302-4913-B0BF-1F97A0574558}"
EndProject
Project("{2150E333-8FDC-42A3-9474-1A3956D46DE8}") = "src", "src", "{B15E133E-F01B-4F03-A06C-CCC2DCD97DA2}"
EndProject
Project("{2150E333-8FDC-42A3-9474-1A3956D46DE8}") = "src", "src", "{17700E0F-767D-46E8-A579-F7218149D37C}"
EndProject
Project("{2150E333-8FDC-42A3-9474-1A3956D46DE8}") = "src", "src", "{11DB62CD-DEF3-43D3-8B94-C64FCBEE58F0}"
EndProject
Project("{2150E333-8FDC-42A3-9474-1A3956D46DE8}") = "Gateway", "Gateway", "{591A31E3-59B8-44EC-BF78-4E5B17A4F3D0}"
EndProject
Project("{2150E333-8FDC-42A3-9474-1A3956D46DE8}") = "core", "core", "{7C662455-5CDD-4613-BA4A-017242EAA336}"
EndProject
Project("{2150E333-8FDC-42A3-9474-1A3956D46DE8}") = "deploy", "deploy", "{EAE4BE72-D547-468E-ADFF-DE2C82323087}"
	ProjectSection(SolutionItems) = preProject
		deploy\docker-compose.yml = deploy\docker-compose.yml
		deploy\docker-compose.override.yml = deploy\docker-compose.override.yml
	EndProjectSection
EndProject
Project("{2150E333-8FDC-42A3-9474-1A3956D46DE8}") = "src", "src", "{ED0E43E7-924C-446C-A90E-33AEE6C8CA93}"
EndProject
Project("{FAE04EC0-301F-11D3-BF4B-00C04F79EFBC}") = "Common", "src\services\Authentication\core\Common\Common.csproj", "{744AC308-4ECA-4D4A-B668-C4EBADACC588}"
EndProject
Project("{FAE04EC0-301F-11D3-BF4B-00C04F79EFBC}") = "Authentication.BusinessLogicLayer", "src\services\Authentication\src\Authentication.BusinessLogicLayer\Authentication.BusinessLogicLayer.csproj", "{123550BF-5ACD-41D3-9E5A-6972BC3AF478}"
EndProject
Project("{FAE04EC0-301F-11D3-BF4B-00C04F79EFBC}") = "Authentication.DataAccessLayer", "src\services\Authentication\src\Authentication.DataAccessLayer\Authentication.DataAccessLayer.csproj", "{F2EBA7D6-E43F-4D55-9F74-799B92C7D753}"
EndProject
Project("{FAE04EC0-301F-11D3-BF4B-00C04F79EFBC}") = "Authentication.PresentationLayer", "src\services\Authentication\src\Authentication.PresentationLayer\Authentication.PresentationLayer.csproj", "{8CF68C5E-4133-4610-A947-4DF5186EB95F}"
EndProject
Project("{FAE04EC0-301F-11D3-BF4B-00C04F79EFBC}") = "Tests", "src\services\Authentication\tests\Tests.csproj", "{0E7E810B-AC59-4390-A089-1A7BFE458259}"
EndProject
Project("{FAE04EC0-301F-11D3-BF4B-00C04F79EFBC}") = "Tests", "src\services\Cards\tests\Tests.csproj", "{183FE9BF-7244-4099-897D-FF1FC1A2D8E4}"
EndProject
Project("{FAE04EC0-301F-11D3-BF4B-00C04F79EFBC}") = "Gateway", "src\services\Gateway\Gateway.csproj", "{EDF746EA-05E4-41E7-816E-F57EB6C15111}"
EndProject
Project("{FAE04EC0-301F-11D3-BF4B-00C04F79EFBC}") = "Requests.Application", "src\services\Requests\src\Requests.Application\Requests.Application.csproj", "{9B817427-56BF-4873-B628-B27457EF8C63}"
EndProject
Project("{FAE04EC0-301F-11D3-BF4B-00C04F79EFBC}") = "Requests.Domain", "src\services\Requests\src\Requests.Domain\Requests.Domain.csproj", "{942F8B95-73C9-4BD5-B511-8BDB8E1D9B8F}"
EndProject
Project("{FAE04EC0-301F-11D3-BF4B-00C04F79EFBC}") = "Requests.Infrastructure", "src\services\Requests\src\Requests.Infrastructure\Requests.Infrastructure.csproj", "{7A027D1B-3B89-4556-8A5A-DA9294D25255}"
EndProject
Project("{FAE04EC0-301F-11D3-BF4B-00C04F79EFBC}") = "Requests.Presentation", "src\services\Requests\src\Requests.Presentation\Requests.Presentation.csproj", "{5B454B18-2E38-46F9-BE12-BA77B4DACD3E}"
EndProject
Project("{FAE04EC0-301F-11D3-BF4B-00C04F79EFBC}") = "Tests", "src\services\Requests\tests\Tests.csproj", "{411EB216-F7DE-4936-9410-65E4A034967C}"
EndProject
Project("{2150E333-8FDC-42A3-9474-1A3956D46DE8}") = "core", "core", "{E9F37859-C53C-417A-B79E-8A92926A80C7}"
EndProject
Project("{FAE04EC0-301F-11D3-BF4B-00C04F79EFBC}") = "Cards.PresentationLayer", "src\services\Cards\src\Cards.PresentationLayer\Cards.PresentationLayer.csproj", "{EDCE0C0C-85D6-46FF-AE57-94DD25087B1E}"
EndProject
Project("{FAE04EC0-301F-11D3-BF4B-00C04F79EFBC}") = "Cards.BusinessLogicLayer", "src\services\Cards\src\Cards.BusinessLogicLayer\Cards.BusinessLogicLayer.csproj", "{F2513616-70C6-404A-932B-99365047C214}"
EndProject
Project("{FAE04EC0-301F-11D3-BF4B-00C04F79EFBC}") = "Cards.DataAccessLayer", "src\services\Cards\src\Cards.DataAccessLayer\Cards.DataAccessLayer.csproj", "{6DB01952-CAAB-4238-80A1-E5157F137ADF}"
EndProject
Project("{FAE04EC0-301F-11D3-BF4B-00C04F79EFBC}") = "Common", "src\services\Cards\core\Common\Common.csproj", "{01ED016B-8CBA-4983-8F44-8DC91F92B2AF}"
EndProject
Global
	GlobalSection(SolutionConfigurationPlatforms) = preSolution
		Debug|Any CPU = Debug|Any CPU
		Release|Any CPU = Release|Any CPU
	EndGlobalSection
	GlobalSection(ProjectConfigurationPlatforms) = postSolution
		{744AC308-4ECA-4D4A-B668-C4EBADACC588}.Debug|Any CPU.ActiveCfg = Debug|Any CPU
		{744AC308-4ECA-4D4A-B668-C4EBADACC588}.Debug|Any CPU.Build.0 = Debug|Any CPU
		{744AC308-4ECA-4D4A-B668-C4EBADACC588}.Release|Any CPU.ActiveCfg = Release|Any CPU
		{744AC308-4ECA-4D4A-B668-C4EBADACC588}.Release|Any CPU.Build.0 = Release|Any CPU
		{123550BF-5ACD-41D3-9E5A-6972BC3AF478}.Debug|Any CPU.ActiveCfg = Debug|Any CPU
		{123550BF-5ACD-41D3-9E5A-6972BC3AF478}.Debug|Any CPU.Build.0 = Debug|Any CPU
		{123550BF-5ACD-41D3-9E5A-6972BC3AF478}.Release|Any CPU.ActiveCfg = Release|Any CPU
		{123550BF-5ACD-41D3-9E5A-6972BC3AF478}.Release|Any CPU.Build.0 = Release|Any CPU
		{F2EBA7D6-E43F-4D55-9F74-799B92C7D753}.Debug|Any CPU.ActiveCfg = Debug|Any CPU
		{F2EBA7D6-E43F-4D55-9F74-799B92C7D753}.Debug|Any CPU.Build.0 = Debug|Any CPU
		{F2EBA7D6-E43F-4D55-9F74-799B92C7D753}.Release|Any CPU.ActiveCfg = Release|Any CPU
		{F2EBA7D6-E43F-4D55-9F74-799B92C7D753}.Release|Any CPU.Build.0 = Release|Any CPU
		{8CF68C5E-4133-4610-A947-4DF5186EB95F}.Debug|Any CPU.ActiveCfg = Debug|Any CPU
		{8CF68C5E-4133-4610-A947-4DF5186EB95F}.Debug|Any CPU.Build.0 = Debug|Any CPU
		{8CF68C5E-4133-4610-A947-4DF5186EB95F}.Release|Any CPU.ActiveCfg = Release|Any CPU
		{8CF68C5E-4133-4610-A947-4DF5186EB95F}.Release|Any CPU.Build.0 = Release|Any CPU
		{0E7E810B-AC59-4390-A089-1A7BFE458259}.Debug|Any CPU.ActiveCfg = Debug|Any CPU
		{0E7E810B-AC59-4390-A089-1A7BFE458259}.Debug|Any CPU.Build.0 = Debug|Any CPU
		{0E7E810B-AC59-4390-A089-1A7BFE458259}.Release|Any CPU.ActiveCfg = Release|Any CPU
		{0E7E810B-AC59-4390-A089-1A7BFE458259}.Release|Any CPU.Build.0 = Release|Any CPU
		{183FE9BF-7244-4099-897D-FF1FC1A2D8E4}.Debug|Any CPU.ActiveCfg = Debug|Any CPU
		{183FE9BF-7244-4099-897D-FF1FC1A2D8E4}.Debug|Any CPU.Build.0 = Debug|Any CPU
		{183FE9BF-7244-4099-897D-FF1FC1A2D8E4}.Release|Any CPU.ActiveCfg = Release|Any CPU
		{183FE9BF-7244-4099-897D-FF1FC1A2D8E4}.Release|Any CPU.Build.0 = Release|Any CPU
		{EDF746EA-05E4-41E7-816E-F57EB6C15111}.Debug|Any CPU.ActiveCfg = Debug|Any CPU
		{EDF746EA-05E4-41E7-816E-F57EB6C15111}.Debug|Any CPU.Build.0 = Debug|Any CPU
		{EDF746EA-05E4-41E7-816E-F57EB6C15111}.Release|Any CPU.ActiveCfg = Release|Any CPU
		{EDF746EA-05E4-41E7-816E-F57EB6C15111}.Release|Any CPU.Build.0 = Release|Any CPU
		{9B817427-56BF-4873-B628-B27457EF8C63}.Debug|Any CPU.ActiveCfg = Debug|Any CPU
		{9B817427-56BF-4873-B628-B27457EF8C63}.Debug|Any CPU.Build.0 = Debug|Any CPU
		{9B817427-56BF-4873-B628-B27457EF8C63}.Release|Any CPU.ActiveCfg = Release|Any CPU
		{9B817427-56BF-4873-B628-B27457EF8C63}.Release|Any CPU.Build.0 = Release|Any CPU
		{942F8B95-73C9-4BD5-B511-8BDB8E1D9B8F}.Debug|Any CPU.ActiveCfg = Debug|Any CPU
		{942F8B95-73C9-4BD5-B511-8BDB8E1D9B8F}.Debug|Any CPU.Build.0 = Debug|Any CPU
		{942F8B95-73C9-4BD5-B511-8BDB8E1D9B8F}.Release|Any CPU.ActiveCfg = Release|Any CPU
		{942F8B95-73C9-4BD5-B511-8BDB8E1D9B8F}.Release|Any CPU.Build.0 = Release|Any CPU
		{7A027D1B-3B89-4556-8A5A-DA9294D25255}.Debug|Any CPU.ActiveCfg = Debug|Any CPU
		{7A027D1B-3B89-4556-8A5A-DA9294D25255}.Debug|Any CPU.Build.0 = Debug|Any CPU
		{7A027D1B-3B89-4556-8A5A-DA9294D25255}.Release|Any CPU.ActiveCfg = Release|Any CPU
		{7A027D1B-3B89-4556-8A5A-DA9294D25255}.Release|Any CPU.Build.0 = Release|Any CPU
		{5B454B18-2E38-46F9-BE12-BA77B4DACD3E}.Debug|Any CPU.ActiveCfg = Debug|Any CPU
		{5B454B18-2E38-46F9-BE12-BA77B4DACD3E}.Debug|Any CPU.Build.0 = Debug|Any CPU
		{5B454B18-2E38-46F9-BE12-BA77B4DACD3E}.Release|Any CPU.ActiveCfg = Release|Any CPU
		{5B454B18-2E38-46F9-BE12-BA77B4DACD3E}.Release|Any CPU.Build.0 = Release|Any CPU
		{411EB216-F7DE-4936-9410-65E4A034967C}.Debug|Any CPU.ActiveCfg = Debug|Any CPU
		{411EB216-F7DE-4936-9410-65E4A034967C}.Debug|Any CPU.Build.0 = Debug|Any CPU
		{411EB216-F7DE-4936-9410-65E4A034967C}.Release|Any CPU.ActiveCfg = Release|Any CPU
		{411EB216-F7DE-4936-9410-65E4A034967C}.Release|Any CPU.Build.0 = Release|Any CPU
		{EDCE0C0C-85D6-46FF-AE57-94DD25087B1E}.Debug|Any CPU.ActiveCfg = Debug|Any CPU
		{EDCE0C0C-85D6-46FF-AE57-94DD25087B1E}.Debug|Any CPU.Build.0 = Debug|Any CPU
		{EDCE0C0C-85D6-46FF-AE57-94DD25087B1E}.Release|Any CPU.ActiveCfg = Release|Any CPU
		{EDCE0C0C-85D6-46FF-AE57-94DD25087B1E}.Release|Any CPU.Build.0 = Release|Any CPU
		{F2513616-70C6-404A-932B-99365047C214}.Debug|Any CPU.ActiveCfg = Debug|Any CPU
		{F2513616-70C6-404A-932B-99365047C214}.Debug|Any CPU.Build.0 = Debug|Any CPU
		{F2513616-70C6-404A-932B-99365047C214}.Release|Any CPU.ActiveCfg = Release|Any CPU
		{F2513616-70C6-404A-932B-99365047C214}.Release|Any CPU.Build.0 = Release|Any CPU
		{6DB01952-CAAB-4238-80A1-E5157F137ADF}.Debug|Any CPU.ActiveCfg = Debug|Any CPU
		{6DB01952-CAAB-4238-80A1-E5157F137ADF}.Debug|Any CPU.Build.0 = Debug|Any CPU
		{6DB01952-CAAB-4238-80A1-E5157F137ADF}.Release|Any CPU.ActiveCfg = Release|Any CPU
		{6DB01952-CAAB-4238-80A1-E5157F137ADF}.Release|Any CPU.Build.0 = Release|Any CPU
		{01ED016B-8CBA-4983-8F44-8DC91F92B2AF}.Debug|Any CPU.ActiveCfg = Debug|Any CPU
		{01ED016B-8CBA-4983-8F44-8DC91F92B2AF}.Debug|Any CPU.Build.0 = Debug|Any CPU
		{01ED016B-8CBA-4983-8F44-8DC91F92B2AF}.Release|Any CPU.ActiveCfg = Release|Any CPU
		{01ED016B-8CBA-4983-8F44-8DC91F92B2AF}.Release|Any CPU.Build.0 = Release|Any CPU
	EndGlobalSection
	GlobalSection(NestedProjects) = preSolution
		{559E575E-E5A0-4DA9-8E01-13391B6D5EB3} = {193C5596-60E6-4E2D-8679-5F2B38C8201E}
		{E5D99940-5EEF-4AFF-9D79-57D1FC3C1B77} = {559E575E-E5A0-4DA9-8E01-13391B6D5EB3}
		{4F381D37-2DAC-45AB-9A9A-913104BBC503} = {193C5596-60E6-4E2D-8679-5F2B38C8201E}
		{127F5456-4049-4F97-8C22-C2B76DB691B0} = {4F381D37-2DAC-45AB-9A9A-913104BBC503}
		{CE702353-4AD7-43FA-8A6C-228DF67B41A0} = {193C5596-60E6-4E2D-8679-5F2B38C8201E}
		{E1A38DC2-5302-4913-B0BF-1F97A0574558} = {CE702353-4AD7-43FA-8A6C-228DF67B41A0}
		{B15E133E-F01B-4F03-A06C-CCC2DCD97DA2} = {4F381D37-2DAC-45AB-9A9A-913104BBC503}
		{17700E0F-767D-46E8-A579-F7218149D37C} = {CE702353-4AD7-43FA-8A6C-228DF67B41A0}
		{11DB62CD-DEF3-43D3-8B94-C64FCBEE58F0} = {559E575E-E5A0-4DA9-8E01-13391B6D5EB3}
		{591A31E3-59B8-44EC-BF78-4E5B17A4F3D0} = {193C5596-60E6-4E2D-8679-5F2B38C8201E}
		{7C662455-5CDD-4613-BA4A-017242EAA336} = {559E575E-E5A0-4DA9-8E01-13391B6D5EB3}
		{193C5596-60E6-4E2D-8679-5F2B38C8201E} = {ED0E43E7-924C-446C-A90E-33AEE6C8CA93}
		{744AC308-4ECA-4D4A-B668-C4EBADACC588} = {7C662455-5CDD-4613-BA4A-017242EAA336}
		{123550BF-5ACD-41D3-9E5A-6972BC3AF478} = {11DB62CD-DEF3-43D3-8B94-C64FCBEE58F0}
		{F2EBA7D6-E43F-4D55-9F74-799B92C7D753} = {11DB62CD-DEF3-43D3-8B94-C64FCBEE58F0}
		{8CF68C5E-4133-4610-A947-4DF5186EB95F} = {11DB62CD-DEF3-43D3-8B94-C64FCBEE58F0}
		{0E7E810B-AC59-4390-A089-1A7BFE458259} = {E5D99940-5EEF-4AFF-9D79-57D1FC3C1B77}
		{183FE9BF-7244-4099-897D-FF1FC1A2D8E4} = {127F5456-4049-4F97-8C22-C2B76DB691B0}
		{EDF746EA-05E4-41E7-816E-F57EB6C15111} = {591A31E3-59B8-44EC-BF78-4E5B17A4F3D0}
		{9B817427-56BF-4873-B628-B27457EF8C63} = {17700E0F-767D-46E8-A579-F7218149D37C}
		{942F8B95-73C9-4BD5-B511-8BDB8E1D9B8F} = {17700E0F-767D-46E8-A579-F7218149D37C}
		{7A027D1B-3B89-4556-8A5A-DA9294D25255} = {17700E0F-767D-46E8-A579-F7218149D37C}
		{5B454B18-2E38-46F9-BE12-BA77B4DACD3E} = {17700E0F-767D-46E8-A579-F7218149D37C}
		{411EB216-F7DE-4936-9410-65E4A034967C} = {E1A38DC2-5302-4913-B0BF-1F97A0574558}
		{E9F37859-C53C-417A-B79E-8A92926A80C7} = {4F381D37-2DAC-45AB-9A9A-913104BBC503}
		{EDCE0C0C-85D6-46FF-AE57-94DD25087B1E} = {B15E133E-F01B-4F03-A06C-CCC2DCD97DA2}
		{F2513616-70C6-404A-932B-99365047C214} = {B15E133E-F01B-4F03-A06C-CCC2DCD97DA2}
		{6DB01952-CAAB-4238-80A1-E5157F137ADF} = {B15E133E-F01B-4F03-A06C-CCC2DCD97DA2}
		{01ED016B-8CBA-4983-8F44-8DC91F92B2AF} = {E9F37859-C53C-417A-B79E-8A92926A80C7}
	EndGlobalSection
EndGlobal
