
Microsoft Visual Studio Solution File, Format Version 12.00
# Visual Studio Version
VisualStudioVersion = 
MinimumVisualStudioVersion = 
Project("{2150E333-8FDC-42A3-9474-1A3956D46DE8}") = "services", "services", "{193C5596-60E6-4E2D-8679-5F2B38C8201E}"
EndProject
Project("{2150E333-8FDC-42A3-9474-1A3956D46DE8}") = "Authentication", "Authentication", "{559E575E-E5A0-4DA9-8E01-13391B6D5EB3}"
EndProject
Project("{2150E333-8FDC-42A3-9474-1A3956D46DE8}") = "tests", "tests", "{E5D99940-5EEF-4AFF-9D79-57D1FC3C1B77}"
EndProject
Project("{2150E333-8FDC-42A3-9474-1A3956D46DE8}") = "Cards", "Cards", "{4F381D37-2DAC-45AB-9A9A-913104BBC503}"
EndProject
Project("{2150E333-8FDC-42A3-9474-1A3956D46DE8}") = "tests", "tests", "{127F5456-4049-4F97-8C22-C2B76DB691B0}"
EndProject
Project("{2150E333-8FDC-42A3-9474-1A3956D46DE8}") = "Requests", "Requests", "{CE702353-4AD7-43FA-8A6C-228DF67B41A0}"
EndProject
Project("{2150E333-8FDC-42A3-9474-1A3956D46DE8}") = "tests", "tests", "{E1A38DC2-5302-4913-B0BF-1F97A0574558}"
EndProject
Project("{2150E333-8FDC-42A3-9474-1A3956D46DE8}") = "src", "src", "{B15E133E-F01B-4F03-A06C-CCC2DCD97DA2}"
EndProject
Project("{FAE04EC0-301F-11D3-BF4B-00C04F79EFBC}") = "Cards.Infrastructure", "Services\Cards\src\Cards.Infrastructure\Cards.Infrastructure.csproj", "{9C89CA19-FC3D-4D53-B5E5-26CA5A87FE2F}"
EndProject
Project("{FAE04EC0-301F-11D3-BF4B-00C04F79EFBC}") = "Cards.Domain", "Services\Cards\src\Cards.Domain\Cards.Domain.csproj", "{3F7233C0-52FF-405B-B124-E6F289E8620F}"
EndProject
Project("{FAE04EC0-301F-11D3-BF4B-00C04F79EFBC}") = "Cards.Presentation", "Services\Cards\src\Cards.Presentation\Cards.Presentation.csproj", "{0C536A73-58B4-412A-AD2E-51509E094284}"
EndProject
Project("{2150E333-8FDC-42A3-9474-1A3956D46DE8}") = "src", "src", "{17700E0F-767D-46E8-A579-F7218149D37C}"
EndProject
Project("{FAE04EC0-301F-11D3-BF4B-00C04F79EFBC}") = "Cards.Application", "services\Cards\src\Cards.Application\Cards.Application.csproj", "{F2259514-1A24-454A-BC44-85F663B33B87}"
EndProject
Project("{FAE04EC0-301F-11D3-BF4B-00C04F79EFBC}") = "Requests.Application", "services\Requests\src\Requests.Application\Requests.Application.csproj", "{1AC1915D-A407-45D3-B866-A850E9F0441D}"
EndProject
Project("{FAE04EC0-301F-11D3-BF4B-00C04F79EFBC}") = "Requests.Domain", "services\Requests\src\Requests.Domain\Requests.Domain.csproj", "{46E04BFE-42B3-47EC-9798-826CC7CDC9C5}"
EndProject
Project("{FAE04EC0-301F-11D3-BF4B-00C04F79EFBC}") = "Requests.Infrastructure", "services\Requests\src\Requests.Infrastructure\Requests.Infrastructure.csproj", "{389F2DAA-3600-47C8-8963-B7E1FFBE8D5D}"
EndProject
Project("{FAE04EC0-301F-11D3-BF4B-00C04F79EFBC}") = "Requests.Presentation", "services\Requests\src\Requests.Presentation\Requests.Presentation.csproj", "{945FED22-5B2D-440C-8E69-73CCF71AA339}"
EndProject
Project("{2150E333-8FDC-42A3-9474-1A3956D46DE8}") = "src", "src", "{11DB62CD-DEF3-43D3-8B94-C64FCBEE58F0}"
EndProject
Project("{FAE04EC0-301F-11D3-BF4B-00C04F79EFBC}") = "Authentication.BusinessLogicLayer", "services\Authentication\src\Authentication.BusinessLogicLayer\Authentication.BusinessLogicLayer.csproj", "{5862CB5D-468C-4F8A-A6C0-6D8E9437AD80}"
EndProject
Project("{FAE04EC0-301F-11D3-BF4B-00C04F79EFBC}") = "Authentication.PresentationLayer", "services\Authentication\src\Authentication.PresentationLayer\Authentication.PresentationLayer.csproj", "{3A04B201-B2C7-4A2E-AE1A-CEA111271D1C}"
EndProject
Project("{FAE04EC0-301F-11D3-BF4B-00C04F79EFBC}") = "Authentication.DataAccessLayer", "services\Authentication\src\Authentication.DataAccessLayer\Authentication.DataAccessLayer.csproj", "{68D20F01-5E41-4784-8E65-F2DA85B2FFAE}"
EndProject
Project("{FAE04EC0-301F-11D3-BF4B-00C04F79EFBC}") = "Tests", "services\Authentication\Tests\Tests.csproj", "{EB67AB19-D2D0-4B4C-856E-464CB0BF8628}"
EndProject
Project("{FAE04EC0-301F-11D3-BF4B-00C04F79EFBC}") = "Tests", "services\Cards\tests\Tests.csproj", "{5D7268A2-F3F4-4595-804A-196DCC2F6358}"
EndProject
Project("{FAE04EC0-301F-11D3-BF4B-00C04F79EFBC}") = "Tests", "services\Requests\tests\Tests.csproj", "{046DCF93-73B9-4589-8531-9114DFAD132F}"
EndProject
Project("{FAE04EC0-301F-11D3-BF4B-00C04F79EFBC}") = "Gateway", "services\Gateway\Gateway.csproj", "{41349B4A-914A-4B46-91B3-0E6DCC9ECF14}"
EndProject
Project("{2150E333-8FDC-42A3-9474-1A3956D46DE8}") = "Gateway", "Gateway", "{591A31E3-59B8-44EC-BF78-4E5B17A4F3D0}"
EndProject
Project("{2150E333-8FDC-42A3-9474-1A3956D46DE8}") = "core", "core", "{E6DC02DA-6988-4F54-B2E7-18F5F73CE310}"
EndProject
Project("{2150E333-8FDC-42A3-9474-1A3956D46DE8}") = "core", "core", "{7C662455-5CDD-4613-BA4A-017242EAA336}"
EndProject
Project("{FAE04EC0-301F-11D3-BF4B-00C04F79EFBC}") = "Common", "services\Authentication\core\Common\Common.csproj", "{DDA23703-DF85-483F-BFA8-B69D33B0BEAE}"
EndProject
Project("{FAE04EC0-301F-11D3-BF4B-00C04F79EFBC}") = "Shared", "core\Shared\Shared.csproj", "{55FE1456-5CAC-41C3-B707-0D8B0C1A9596}"
EndProject
Project("{2150E333-8FDC-42A3-9474-1A3956D46DE8}") = "deploy", "deploy", "{EAE4BE72-D547-468E-ADFF-DE2C82323087}"
	ProjectSection(SolutionItems) = preProject
		deploy\docker-compose.yml = deploy\docker-compose.yml
		deploy\docker-compose.override.yml = deploy\docker-compose.override.yml
	EndProjectSection
EndProject
Global
	GlobalSection(SolutionConfigurationPlatforms) = preSolution
		Debug|Any CPU = Debug|Any CPU
		Release|Any CPU = Release|Any CPU
	EndGlobalSection
	GlobalSection(ProjectConfigurationPlatforms) = postSolution
		{9C89CA19-FC3D-4D53-B5E5-26CA5A87FE2F}.Debug|Any CPU.ActiveCfg = Debug|Any CPU
		{9C89CA19-FC3D-4D53-B5E5-26CA5A87FE2F}.Debug|Any CPU.Build.0 = Debug|Any CPU
		{9C89CA19-FC3D-4D53-B5E5-26CA5A87FE2F}.Release|Any CPU.ActiveCfg = Release|Any CPU
		{9C89CA19-FC3D-4D53-B5E5-26CA5A87FE2F}.Release|Any CPU.Build.0 = Release|Any CPU
		{3F7233C0-52FF-405B-B124-E6F289E8620F}.Debug|Any CPU.ActiveCfg = Debug|Any CPU
		{3F7233C0-52FF-405B-B124-E6F289E8620F}.Debug|Any CPU.Build.0 = Debug|Any CPU
		{3F7233C0-52FF-405B-B124-E6F289E8620F}.Release|Any CPU.ActiveCfg = Release|Any CPU
		{3F7233C0-52FF-405B-B124-E6F289E8620F}.Release|Any CPU.Build.0 = Release|Any CPU
		{0C536A73-58B4-412A-AD2E-51509E094284}.Debug|Any CPU.ActiveCfg = Debug|Any CPU
		{0C536A73-58B4-412A-AD2E-51509E094284}.Debug|Any CPU.Build.0 = Debug|Any CPU
		{0C536A73-58B4-412A-AD2E-51509E094284}.Release|Any CPU.ActiveCfg = Release|Any CPU
		{0C536A73-58B4-412A-AD2E-51509E094284}.Release|Any CPU.Build.0 = Release|Any CPU
		{F2259514-1A24-454A-BC44-85F663B33B87}.Debug|Any CPU.ActiveCfg = Debug|Any CPU
		{F2259514-1A24-454A-BC44-85F663B33B87}.Debug|Any CPU.Build.0 = Debug|Any CPU
		{F2259514-1A24-454A-BC44-85F663B33B87}.Release|Any CPU.ActiveCfg = Release|Any CPU
		{F2259514-1A24-454A-BC44-85F663B33B87}.Release|Any CPU.Build.0 = Release|Any CPU
		{1AC1915D-A407-45D3-B866-A850E9F0441D}.Debug|Any CPU.ActiveCfg = Debug|Any CPU
		{1AC1915D-A407-45D3-B866-A850E9F0441D}.Debug|Any CPU.Build.0 = Debug|Any CPU
		{1AC1915D-A407-45D3-B866-A850E9F0441D}.Release|Any CPU.ActiveCfg = Release|Any CPU
		{1AC1915D-A407-45D3-B866-A850E9F0441D}.Release|Any CPU.Build.0 = Release|Any CPU
		{46E04BFE-42B3-47EC-9798-826CC7CDC9C5}.Debug|Any CPU.ActiveCfg = Debug|Any CPU
		{46E04BFE-42B3-47EC-9798-826CC7CDC9C5}.Debug|Any CPU.Build.0 = Debug|Any CPU
		{46E04BFE-42B3-47EC-9798-826CC7CDC9C5}.Release|Any CPU.ActiveCfg = Release|Any CPU
		{46E04BFE-42B3-47EC-9798-826CC7CDC9C5}.Release|Any CPU.Build.0 = Release|Any CPU
		{389F2DAA-3600-47C8-8963-B7E1FFBE8D5D}.Debug|Any CPU.ActiveCfg = Debug|Any CPU
		{389F2DAA-3600-47C8-8963-B7E1FFBE8D5D}.Debug|Any CPU.Build.0 = Debug|Any CPU
		{389F2DAA-3600-47C8-8963-B7E1FFBE8D5D}.Release|Any CPU.ActiveCfg = Release|Any CPU
		{389F2DAA-3600-47C8-8963-B7E1FFBE8D5D}.Release|Any CPU.Build.0 = Release|Any CPU
		{945FED22-5B2D-440C-8E69-73CCF71AA339}.Debug|Any CPU.ActiveCfg = Debug|Any CPU
		{945FED22-5B2D-440C-8E69-73CCF71AA339}.Debug|Any CPU.Build.0 = Debug|Any CPU
		{945FED22-5B2D-440C-8E69-73CCF71AA339}.Release|Any CPU.ActiveCfg = Release|Any CPU
		{945FED22-5B2D-440C-8E69-73CCF71AA339}.Release|Any CPU.Build.0 = Release|Any CPU
		{5862CB5D-468C-4F8A-A6C0-6D8E9437AD80}.Debug|Any CPU.ActiveCfg = Debug|Any CPU
		{5862CB5D-468C-4F8A-A6C0-6D8E9437AD80}.Debug|Any CPU.Build.0 = Debug|Any CPU
		{5862CB5D-468C-4F8A-A6C0-6D8E9437AD80}.Release|Any CPU.ActiveCfg = Release|Any CPU
		{5862CB5D-468C-4F8A-A6C0-6D8E9437AD80}.Release|Any CPU.Build.0 = Release|Any CPU
		{3A04B201-B2C7-4A2E-AE1A-CEA111271D1C}.Debug|Any CPU.ActiveCfg = Debug|Any CPU
		{3A04B201-B2C7-4A2E-AE1A-CEA111271D1C}.Debug|Any CPU.Build.0 = Debug|Any CPU
		{3A04B201-B2C7-4A2E-AE1A-CEA111271D1C}.Release|Any CPU.ActiveCfg = Release|Any CPU
		{3A04B201-B2C7-4A2E-AE1A-CEA111271D1C}.Release|Any CPU.Build.0 = Release|Any CPU
		{68D20F01-5E41-4784-8E65-F2DA85B2FFAE}.Debug|Any CPU.ActiveCfg = Debug|Any CPU
		{68D20F01-5E41-4784-8E65-F2DA85B2FFAE}.Debug|Any CPU.Build.0 = Debug|Any CPU
		{68D20F01-5E41-4784-8E65-F2DA85B2FFAE}.Release|Any CPU.ActiveCfg = Release|Any CPU
		{68D20F01-5E41-4784-8E65-F2DA85B2FFAE}.Release|Any CPU.Build.0 = Release|Any CPU
		{EB67AB19-D2D0-4B4C-856E-464CB0BF8628}.Debug|Any CPU.ActiveCfg = Debug|Any CPU
		{EB67AB19-D2D0-4B4C-856E-464CB0BF8628}.Debug|Any CPU.Build.0 = Debug|Any CPU
		{EB67AB19-D2D0-4B4C-856E-464CB0BF8628}.Release|Any CPU.ActiveCfg = Release|Any CPU
		{EB67AB19-D2D0-4B4C-856E-464CB0BF8628}.Release|Any CPU.Build.0 = Release|Any CPU
		{5D7268A2-F3F4-4595-804A-196DCC2F6358}.Debug|Any CPU.ActiveCfg = Debug|Any CPU
		{5D7268A2-F3F4-4595-804A-196DCC2F6358}.Debug|Any CPU.Build.0 = Debug|Any CPU
		{5D7268A2-F3F4-4595-804A-196DCC2F6358}.Release|Any CPU.ActiveCfg = Release|Any CPU
		{5D7268A2-F3F4-4595-804A-196DCC2F6358}.Release|Any CPU.Build.0 = Release|Any CPU
		{046DCF93-73B9-4589-8531-9114DFAD132F}.Debug|Any CPU.ActiveCfg = Debug|Any CPU
		{046DCF93-73B9-4589-8531-9114DFAD132F}.Debug|Any CPU.Build.0 = Debug|Any CPU
		{046DCF93-73B9-4589-8531-9114DFAD132F}.Release|Any CPU.ActiveCfg = Release|Any CPU
		{046DCF93-73B9-4589-8531-9114DFAD132F}.Release|Any CPU.Build.0 = Release|Any CPU
		{41349B4A-914A-4B46-91B3-0E6DCC9ECF14}.Debug|Any CPU.ActiveCfg = Debug|Any CPU
		{41349B4A-914A-4B46-91B3-0E6DCC9ECF14}.Debug|Any CPU.Build.0 = Debug|Any CPU
		{41349B4A-914A-4B46-91B3-0E6DCC9ECF14}.Release|Any CPU.ActiveCfg = Release|Any CPU
		{41349B4A-914A-4B46-91B3-0E6DCC9ECF14}.Release|Any CPU.Build.0 = Release|Any CPU
		{DDA23703-DF85-483F-BFA8-B69D33B0BEAE}.Debug|Any CPU.ActiveCfg = Debug|Any CPU
		{DDA23703-DF85-483F-BFA8-B69D33B0BEAE}.Debug|Any CPU.Build.0 = Debug|Any CPU
		{DDA23703-DF85-483F-BFA8-B69D33B0BEAE}.Release|Any CPU.ActiveCfg = Release|Any CPU
		{DDA23703-DF85-483F-BFA8-B69D33B0BEAE}.Release|Any CPU.Build.0 = Release|Any CPU
		{55FE1456-5CAC-41C3-B707-0D8B0C1A9596}.Debug|Any CPU.ActiveCfg = Debug|Any CPU
		{55FE1456-5CAC-41C3-B707-0D8B0C1A9596}.Debug|Any CPU.Build.0 = Debug|Any CPU
		{55FE1456-5CAC-41C3-B707-0D8B0C1A9596}.Release|Any CPU.ActiveCfg = Release|Any CPU
		{55FE1456-5CAC-41C3-B707-0D8B0C1A9596}.Release|Any CPU.Build.0 = Release|Any CPU
	EndGlobalSection
	GlobalSection(NestedProjects) = preSolution
		{559E575E-E5A0-4DA9-8E01-13391B6D5EB3} = {193C5596-60E6-4E2D-8679-5F2B38C8201E}
		{E5D99940-5EEF-4AFF-9D79-57D1FC3C1B77} = {559E575E-E5A0-4DA9-8E01-13391B6D5EB3}
		{4F381D37-2DAC-45AB-9A9A-913104BBC503} = {193C5596-60E6-4E2D-8679-5F2B38C8201E}
		{127F5456-4049-4F97-8C22-C2B76DB691B0} = {4F381D37-2DAC-45AB-9A9A-913104BBC503}
		{CE702353-4AD7-43FA-8A6C-228DF67B41A0} = {193C5596-60E6-4E2D-8679-5F2B38C8201E}
		{E1A38DC2-5302-4913-B0BF-1F97A0574558} = {CE702353-4AD7-43FA-8A6C-228DF67B41A0}
		{B15E133E-F01B-4F03-A06C-CCC2DCD97DA2} = {4F381D37-2DAC-45AB-9A9A-913104BBC503}
		{9C89CA19-FC3D-4D53-B5E5-26CA5A87FE2F} = {B15E133E-F01B-4F03-A06C-CCC2DCD97DA2}
		{3F7233C0-52FF-405B-B124-E6F289E8620F} = {B15E133E-F01B-4F03-A06C-CCC2DCD97DA2}
		{0C536A73-58B4-412A-AD2E-51509E094284} = {B15E133E-F01B-4F03-A06C-CCC2DCD97DA2}
		{17700E0F-767D-46E8-A579-F7218149D37C} = {CE702353-4AD7-43FA-8A6C-228DF67B41A0}
		{F2259514-1A24-454A-BC44-85F663B33B87} = {B15E133E-F01B-4F03-A06C-CCC2DCD97DA2}
		{1AC1915D-A407-45D3-B866-A850E9F0441D} = {17700E0F-767D-46E8-A579-F7218149D37C}
		{46E04BFE-42B3-47EC-9798-826CC7CDC9C5} = {17700E0F-767D-46E8-A579-F7218149D37C}
		{389F2DAA-3600-47C8-8963-B7E1FFBE8D5D} = {17700E0F-767D-46E8-A579-F7218149D37C}
		{945FED22-5B2D-440C-8E69-73CCF71AA339} = {17700E0F-767D-46E8-A579-F7218149D37C}
		{11DB62CD-DEF3-43D3-8B94-C64FCBEE58F0} = {559E575E-E5A0-4DA9-8E01-13391B6D5EB3}
		{5862CB5D-468C-4F8A-A6C0-6D8E9437AD80} = {11DB62CD-DEF3-43D3-8B94-C64FCBEE58F0}
		{3A04B201-B2C7-4A2E-AE1A-CEA111271D1C} = {11DB62CD-DEF3-43D3-8B94-C64FCBEE58F0}
		{68D20F01-5E41-4784-8E65-F2DA85B2FFAE} = {11DB62CD-DEF3-43D3-8B94-C64FCBEE58F0}
		{EB67AB19-D2D0-4B4C-856E-464CB0BF8628} = {E5D99940-5EEF-4AFF-9D79-57D1FC3C1B77}
		{5D7268A2-F3F4-4595-804A-196DCC2F6358} = {127F5456-4049-4F97-8C22-C2B76DB691B0}
		{046DCF93-73B9-4589-8531-9114DFAD132F} = {E1A38DC2-5302-4913-B0BF-1F97A0574558}
		{591A31E3-59B8-44EC-BF78-4E5B17A4F3D0} = {193C5596-60E6-4E2D-8679-5F2B38C8201E}
		{41349B4A-914A-4B46-91B3-0E6DCC9ECF14} = {591A31E3-59B8-44EC-BF78-4E5B17A4F3D0}
		{7C662455-5CDD-4613-BA4A-017242EAA336} = {559E575E-E5A0-4DA9-8E01-13391B6D5EB3}
		{DDA23703-DF85-483F-BFA8-B69D33B0BEAE} = {7C662455-5CDD-4613-BA4A-017242EAA336}
		{55FE1456-5CAC-41C3-B707-0D8B0C1A9596} = {E6DC02DA-6988-4F54-B2E7-18F5F73CE310}
	EndGlobalSection
EndGlobal
